
Microsoft Visual Studio Solution File, Format Version 12.00
# Visual Studio 15
VisualStudioVersion = 15.0.28307.1705
MinimumVisualStudioVersion = 10.0.40219.1
Project("{9A19103F-16F7-4668-BE54-9A1E7A4F7556}") = "KapasitematikBlog", "KapasitematikBlog\KapasitematikBlog.csproj", "{A9D21B5F-A03D-4849-BB8F-1B7F071CA986}"
EndProject
Global
	GlobalSection(SolutionConfigurationPlatforms) = preSolution
		Debug|Any CPU = Debug|Any CPU
		Release|Any CPU = Release|Any CPU
	EndGlobalSection
	GlobalSection(ProjectConfigurationPlatforms) = postSolution
		{A9D21B5F-A03D-4849-BB8F-1B7F071CA986}.Debug|Any CPU.ActiveCfg = Debug|Any CPU
		{A9D21B5F-A03D-4849-BB8F-1B7F071CA986}.Debug|Any CPU.Build.0 = Debug|Any CPU
		{A9D21B5F-A03D-4849-BB8F-1B7F071CA986}.Release|Any CPU.ActiveCfg = Release|Any CPU
		{A9D21B5F-A03D-4849-BB8F-1B7F071CA986}.Release|Any CPU.Build.0 = Release|Any CPU
	EndGlobalSection
	GlobalSection(SolutionProperties) = preSolution
		HideSolutionNode = FALSE
	EndGlobalSection
	GlobalSection(ExtensibilityGlobals) = postSolution
		SolutionGuid = {6303DC20-FC33-490C-9CB4-B53D79939248}
	EndGlobalSection
EndGlobal
